// !$*UTF8*$!
{
	archiveVersion = 1;
	classes = {
	};
	objectVersion = 55;
	objects = {

/* Begin PBXBuildFile section */
		30C5A5DF2720009800593D29 /* SearchController.swift in Sources */ = {isa = PBXBuildFile; fileRef = 30C5A5DE2720009800593D29 /* SearchController.swift */; };
		30C5A5E2272002BD00593D29 /* SwiftyJSON in Frameworks */ = {isa = PBXBuildFile; productRef = 30C5A5E1272002BD00593D29 /* SwiftyJSON */; };
		30C5A5E5272002DC00593D29 /* Alamofire in Frameworks */ = {isa = PBXBuildFile; productRef = 30C5A5E4272002DC00593D29 /* Alamofire */; };
		30E3FF9B272057AC007F48A4 /* DetailViewController.swift in Sources */ = {isa = PBXBuildFile; fileRef = 30E3FF9A272057AC007F48A4 /* DetailViewController.swift */; };
		30EAABEB271854F80055C33C /* AppDelegate.swift in Sources */ = {isa = PBXBuildFile; fileRef = 30EAABEA271854F80055C33C /* AppDelegate.swift */; };
		30EAABED271854F80055C33C /* SceneDelegate.swift in Sources */ = {isa = PBXBuildFile; fileRef = 30EAABEC271854F80055C33C /* SceneDelegate.swift */; };
		30EAABEF271854F80055C33C /* ViewController.swift in Sources */ = {isa = PBXBuildFile; fileRef = 30EAABEE271854F80055C33C /* ViewController.swift */; };
		30EAABF2271854F80055C33C /* Main.storyboard in Resources */ = {isa = PBXBuildFile; fileRef = 30EAABF0271854F80055C33C /* Main.storyboard */; };
		30EAABF4271854F90055C33C /* Assets.xcassets in Resources */ = {isa = PBXBuildFile; fileRef = 30EAABF3271854F90055C33C /* Assets.xcassets */; };
		30EAABF7271854F90055C33C /* LaunchScreen.storyboard in Resources */ = {isa = PBXBuildFile; fileRef = 30EAABF5271854F90055C33C /* LaunchScreen.storyboard */; };
		30EAABFF271858C80055C33C /* CollectionViewCell.swift in Sources */ = {isa = PBXBuildFile; fileRef = 30EAABFE271858C80055C33C /* CollectionViewCell.swift */; };
		30EAAC01271860150055C33C /* Model.swift in Sources */ = {isa = PBXBuildFile; fileRef = 30EAAC00271860150055C33C /* Model.swift */; };
/* End PBXBuildFile section */

/* Begin PBXFileReference section */
		30C5A5DE2720009800593D29 /* SearchController.swift */ = {isa = PBXFileReference; lastKnownFileType = sourcecode.swift; path = SearchController.swift; sourceTree = "<group>"; };
		30E3FF9A272057AC007F48A4 /* DetailViewController.swift */ = {isa = PBXFileReference; lastKnownFileType = sourcecode.swift; path = DetailViewController.swift; sourceTree = "<group>"; };
		30EAABE7271854F80055C33C /* Unsplash.app */ = {isa = PBXFileReference; explicitFileType = wrapper.application; includeInIndex = 0; path = Unsplash.app; sourceTree = BUILT_PRODUCTS_DIR; };
		30EAABEA271854F80055C33C /* AppDelegate.swift */ = {isa = PBXFileReference; lastKnownFileType = sourcecode.swift; path = AppDelegate.swift; sourceTree = "<group>"; };
		30EAABEC271854F80055C33C /* SceneDelegate.swift */ = {isa = PBXFileReference; lastKnownFileType = sourcecode.swift; path = SceneDelegate.swift; sourceTree = "<group>"; };
		30EAABEE271854F80055C33C /* ViewController.swift */ = {isa = PBXFileReference; lastKnownFileType = sourcecode.swift; path = ViewController.swift; sourceTree = "<group>"; };
		30EAABF1271854F80055C33C /* Base */ = {isa = PBXFileReference; lastKnownFileType = file.storyboard; name = Base; path = Base.lproj/Main.storyboard; sourceTree = "<group>"; };
		30EAABF3271854F90055C33C /* Assets.xcassets */ = {isa = PBXFileReference; lastKnownFileType = folder.assetcatalog; path = Assets.xcassets; sourceTree = "<group>"; };
		30EAABF6271854F90055C33C /* Base */ = {isa = PBXFileReference; lastKnownFileType = file.storyboard; name = Base; path = Base.lproj/LaunchScreen.storyboard; sourceTree = "<group>"; };
		30EAABF8271854F90055C33C /* Info.plist */ = {isa = PBXFileReference; lastKnownFileType = text.plist.xml; path = Info.plist; sourceTree = "<group>"; };
		30EAABFE271858C80055C33C /* CollectionViewCell.swift */ = {isa = PBXFileReference; lastKnownFileType = sourcecode.swift; path = CollectionViewCell.swift; sourceTree = "<group>"; };
		30EAAC00271860150055C33C /* Model.swift */ = {isa = PBXFileReference; lastKnownFileType = sourcecode.swift; path = Model.swift; sourceTree = "<group>"; };
/* End PBXFileReference section */

/* Begin PBXFrameworksBuildPhase section */
		30EAABE4271854F80055C33C /* Frameworks */ = {
			isa = PBXFrameworksBuildPhase;
			buildActionMask = 2147483647;
			files = (
				30C5A5E2272002BD00593D29 /* SwiftyJSON in Frameworks */,
				30C5A5E5272002DC00593D29 /* Alamofire in Frameworks */,
			);
			runOnlyForDeploymentPostprocessing = 0;
		};
/* End PBXFrameworksBuildPhase section */

/* Begin PBXGroup section */
		30EAABDE271854F80055C33C = {
			isa = PBXGroup;
			children = (
				30EAABE9271854F80055C33C /* Unsplash */,
				30EAABE8271854F80055C33C /* Products */,
			);
			sourceTree = "<group>";
		};
		30EAABE8271854F80055C33C /* Products */ = {
			isa = PBXGroup;
			children = (
				30EAABE7271854F80055C33C /* Unsplash.app */,
			);
			name = Products;
			sourceTree = "<group>";
		};
		30EAABE9271854F80055C33C /* Unsplash */ = {
			isa = PBXGroup;
			children = (
				30EAABEA271854F80055C33C /* AppDelegate.swift */,
				30EAABEC271854F80055C33C /* SceneDelegate.swift */,
				30C5A5DE2720009800593D29 /* SearchController.swift */,
				30EAABEE271854F80055C33C /* ViewController.swift */,
				30E3FF9A272057AC007F48A4 /* DetailViewController.swift */,
				30EAABFE271858C80055C33C /* CollectionViewCell.swift */,
				30EAAC00271860150055C33C /* Model.swift */,
				30EAABF0271854F80055C33C /* Main.storyboard */,
				30EAABF3271854F90055C33C /* Assets.xcassets */,
				30EAABF5271854F90055C33C /* LaunchScreen.storyboard */,
				30EAABF8271854F90055C33C /* Info.plist */,
			);
			path = Unsplash;
			sourceTree = "<group>";
		};
/* End PBXGroup section */

/* Begin PBXNativeTarget section */
		30EAABE6271854F80055C33C /* Unsplash */ = {
			isa = PBXNativeTarget;
			buildConfigurationList = 30EAABFB271854F90055C33C /* Build configuration list for PBXNativeTarget "Unsplash" */;
			buildPhases = (
				30EAABE3271854F80055C33C /* Sources */,
				30EAABE4271854F80055C33C /* Frameworks */,
				30EAABE5271854F80055C33C /* Resources */,
			);
			buildRules = (
			);
			dependencies = (
			);
			name = Unsplash;
			packageProductDependencies = (
				30C5A5E1272002BD00593D29 /* SwiftyJSON */,
				30C5A5E4272002DC00593D29 /* Alamofire */,
			);
			productName = Unsplash;
			productReference = 30EAABE7271854F80055C33C /* Unsplash.app */;
			productType = "com.apple.product-type.application";
		};
/* End PBXNativeTarget section */

/* Begin PBXProject section */
		30EAABDF271854F80055C33C /* Project object */ = {
			isa = PBXProject;
			attributes = {
				BuildIndependentTargetsInParallel = 1;
				LastSwiftUpdateCheck = 1300;
				LastUpgradeCheck = 1300;
				ORGANIZATIONNAME = "Roman Kuryanov (aka Matovsky)";
				TargetAttributes = {
					30EAABE6271854F80055C33C = {
						CreatedOnToolsVersion = 13.0;
					};
				};
			};
			buildConfigurationList = 30EAABE2271854F80055C33C /* Build configuration list for PBXProject "Unsplash" */;
			compatibilityVersion = "Xcode 13.0";
			developmentRegion = en;
			hasScannedForEncodings = 0;
			knownRegions = (
				en,
				Base,
			);
			mainGroup = 30EAABDE271854F80055C33C;
			packageReferences = (
				30C5A5E0272002BD00593D29 /* XCRemoteSwiftPackageReference "SwiftyJSON" */,
				30C5A5E3272002DC00593D29 /* XCRemoteSwiftPackageReference "Alamofire" */,
			);
			productRefGroup = 30EAABE8271854F80055C33C /* Products */;
			projectDirPath = "";
			projectRoot = "";
			targets = (
				30EAABE6271854F80055C33C /* Unsplash */,
			);
		};
/* End PBXProject section */

/* Begin PBXResourcesBuildPhase section */
		30EAABE5271854F80055C33C /* Resources */ = {
			isa = PBXResourcesBuildPhase;
			buildActionMask = 2147483647;
			files = (
				30EAABF7271854F90055C33C /* LaunchScreen.storyboard in Resources */,
				30EAABF4271854F90055C33C /* Assets.xcassets in Resources */,
				30EAABF2271854F80055C33C /* Main.storyboard in Resources */,
			);
			runOnlyForDeploymentPostprocessing = 0;
		};
/* End PBXResourcesBuildPhase section */

/* Begin PBXSourcesBuildPhase section */
		30EAABE3271854F80055C33C /* Sources */ = {
			isa = PBXSourcesBuildPhase;
			buildActionMask = 2147483647;
			files = (
				30EAAC01271860150055C33C /* Model.swift in Sources */,
				30C5A5DF2720009800593D29 /* SearchController.swift in Sources */,
				30EAABEF271854F80055C33C /* ViewController.swift in Sources */,
				30EAABEB271854F80055C33C /* AppDelegate.swift in Sources */,
				30EAABFF271858C80055C33C /* CollectionViewCell.swift in Sources */,
				30EAABED271854F80055C33C /* SceneDelegate.swift in Sources */,
				30E3FF9B272057AC007F48A4 /* DetailViewController.swift in Sources */,
			);
			runOnlyForDeploymentPostprocessing = 0;
		};
/* End PBXSourcesBuildPhase section */

/* Begin PBXVariantGroup section */
		30EAABF0271854F80055C33C /* Main.storyboard */ = {
			isa = PBXVariantGroup;
			children = (
				30EAABF1271854F80055C33C /* Base */,
			);
			name = Main.storyboard;
			sourceTree = "<group>";
		};
		30EAABF5271854F90055C33C /* LaunchScreen.storyboard */ = {
			isa = PBXVariantGroup;
			children = (
				30EAABF6271854F90055C33C /* Base */,
			);
			name = LaunchScreen.storyboard;
			sourceTree = "<group>";
		};
/* End PBXVariantGroup section */

/* Begin XCBuildConfiguration section */
		30EAABF9271854F90055C33C /* Debug */ = {
			isa = XCBuildConfiguration;
			buildSettings = {
				ALWAYS_SEARCH_USER_PATHS = NO;
				CLANG_ANALYZER_NONNULL = YES;
				CLANG_ANALYZER_NUMBER_OBJECT_CONVERSION = YES_AGGRESSIVE;
				CLANG_CXX_LANGUAGE_STANDARD = "gnu++17";
				CLANG_CXX_LIBRARY = "libc++";
				CLANG_ENABLE_MODULES = YES;
				CLANG_ENABLE_OBJC_ARC = YES;
				CLANG_ENABLE_OBJC_WEAK = YES;
				CLANG_WARN_BLOCK_CAPTURE_AUTORELEASING = YES;
				CLANG_WARN_BOOL_CONVERSION = YES;
				CLANG_WARN_COMMA = YES;
				CLANG_WARN_CONSTANT_CONVERSION = YES;
				CLANG_WARN_DEPRECATED_OBJC_IMPLEMENTATIONS = YES;
				CLANG_WARN_DIRECT_OBJC_ISA_USAGE = YES_ERROR;
				CLANG_WARN_DOCUMENTATION_COMMENTS = YES;
				CLANG_WARN_EMPTY_BODY = YES;
				CLANG_WARN_ENUM_CONVERSION = YES;
				CLANG_WARN_INFINITE_RECURSION = YES;
				CLANG_WARN_INT_CONVERSION = YES;
				CLANG_WARN_NON_LITERAL_NULL_CONVERSION = YES;
				CLANG_WARN_OBJC_IMPLICIT_RETAIN_SELF = YES;
				CLANG_WARN_OBJC_LITERAL_CONVERSION = YES;
				CLANG_WARN_OBJC_ROOT_CLASS = YES_ERROR;
				CLANG_WARN_QUOTED_INCLUDE_IN_FRAMEWORK_HEADER = YES;
				CLANG_WARN_RANGE_LOOP_ANALYSIS = YES;
				CLANG_WARN_STRICT_PROTOTYPES = YES;
				CLANG_WARN_SUSPICIOUS_MOVE = YES;
				CLANG_WARN_UNGUARDED_AVAILABILITY = YES_AGGRESSIVE;
				CLANG_WARN_UNREACHABLE_CODE = YES;
				CLANG_WARN__DUPLICATE_METHOD_MATCH = YES;
				COPY_PHASE_STRIP = NO;
				DEBUG_INFORMATION_FORMAT = dwarf;
				ENABLE_STRICT_OBJC_MSGSEND = YES;
				ENABLE_TESTABILITY = YES;
				GCC_C_LANGUAGE_STANDARD = gnu11;
				GCC_DYNAMIC_NO_PIC = NO;
				GCC_NO_COMMON_BLOCKS = YES;
				GCC_OPTIMIZATION_LEVEL = 0;
				GCC_PREPROCESSOR_DEFINITIONS = (
					"DEBUG=1",
					"$(inherited)",
				);
				GCC_WARN_64_TO_32_BIT_CONVERSION = YES;
				GCC_WARN_ABOUT_RETURN_TYPE = YES_ERROR;
				GCC_WARN_UNDECLARED_SELECTOR = YES;
				GCC_WARN_UNINITIALIZED_AUTOS = YES_AGGRESSIVE;
				GCC_WARN_UNUSED_FUNCTION = YES;
				GCC_WARN_UNUSED_VARIABLE = YES;
				IPHONEOS_DEPLOYMENT_TARGET = 12.0;
				MTL_ENABLE_DEBUG_INFO = INCLUDE_SOURCE;
				MTL_FAST_MATH = YES;
				ONLY_ACTIVE_ARCH = YES;
				SDKROOT = iphoneos;
				SWIFT_ACTIVE_COMPILATION_CONDITIONS = DEBUG;
				SWIFT_OPTIMIZATION_LEVEL = "-Onone";
			};
			name = Debug;
		};
		30EAABFA271854F90055C33C /* Release */ = {
			isa = XCBuildConfiguration;
			buildSettings = {
				ALWAYS_SEARCH_USER_PATHS = NO;
				CLANG_ANALYZER_NONNULL = YES;
				CLANG_ANALYZER_NUMBER_OBJECT_CONVERSION = YES_AGGRESSIVE;
				CLANG_CXX_LANGUAGE_STANDARD = "gnu++17";
				CLANG_CXX_LIBRARY = "libc++";
				CLANG_ENABLE_MODULES = YES;
				CLANG_ENABLE_OBJC_ARC = YES;
				CLANG_ENABLE_OBJC_WEAK = YES;
				CLANG_WARN_BLOCK_CAPTURE_AUTORELEASING = YES;
				CLANG_WARN_BOOL_CONVERSION = YES;
				CLANG_WARN_COMMA = YES;
				CLANG_WARN_CONSTANT_CONVERSION = YES;
				CLANG_WARN_DEPRECATED_OBJC_IMPLEMENTATIONS = YES;
				CLANG_WARN_DIRECT_OBJC_ISA_USAGE = YES_ERROR;
				CLANG_WARN_DOCUMENTATION_COMMENTS = YES;
				CLANG_WARN_EMPTY_BODY = YES;
				CLANG_WARN_ENUM_CONVERSION = YES;
				CLANG_WARN_INFINITE_RECURSION = YES;
				CLANG_WARN_INT_CONVERSION = YES;
				CLANG_WARN_NON_LITERAL_NULL_CONVERSION = YES;
				CLANG_WARN_OBJC_IMPLICIT_RETAIN_SELF = YES;
				CLANG_WARN_OBJC_LITERAL_CONVERSION = YES;
				CLANG_WARN_OBJC_ROOT_CLASS = YES_ERROR;
				CLANG_WARN_QUOTED_INCLUDE_IN_FRAMEWORK_HEADER = YES;
				CLANG_WARN_RANGE_LOOP_ANALYSIS = YES;
				CLANG_WARN_STRICT_PROTOTYPES = YES;
				CLANG_WARN_SUSPICIOUS_MOVE = YES;
				CLANG_WARN_UNGUARDED_AVAILABILITY = YES_AGGRESSIVE;
				CLANG_WARN_UNREACHABLE_CODE = YES;
				CLANG_WARN__DUPLICATE_METHOD_MATCH = YES;
				COPY_PHASE_STRIP = NO;
				DEBUG_INFORMATION_FORMAT = "dwarf-with-dsym";
				ENABLE_NS_ASSERTIONS = NO;
				ENABLE_STRICT_OBJC_MSGSEND = YES;
				GCC_C_LANGUAGE_STANDARD = gnu11;
				GCC_NO_COMMON_BLOCKS = YES;
				GCC_WARN_64_TO_32_BIT_CONVERSION = YES;
				GCC_WARN_ABOUT_RETURN_TYPE = YES_ERROR;
				GCC_WARN_UNDECLARED_SELECTOR = YES;
				GCC_WARN_UNINITIALIZED_AUTOS = YES_AGGRESSIVE;
				GCC_WARN_UNUSED_FUNCTION = YES;
				GCC_WARN_UNUSED_VARIABLE = YES;
				IPHONEOS_DEPLOYMENT_TARGET = 12.0;
				MTL_ENABLE_DEBUG_INFO = NO;
				MTL_FAST_MATH = YES;
				SDKROOT = iphoneos;
				SWIFT_COMPILATION_MODE = wholemodule;
				SWIFT_OPTIMIZATION_LEVEL = "-O";
				VALIDATE_PRODUCT = YES;
			};
			name = Release;
		};
		30EAABFC271854F90055C33C /* Debug */ = {
			isa = XCBuildConfiguration;
			buildSettings = {
				ASSETCATALOG_COMPILER_APPICON_NAME = AppIcon;
				ASSETCATALOG_COMPILER_GLOBAL_ACCENT_COLOR_NAME = AccentColor;
				CODE_SIGN_STYLE = Automatic;
				CURRENT_PROJECT_VERSION = 1;
				DEVELOPMENT_TEAM = UC95R257SJ;
				GENERATE_INFOPLIST_FILE = YES;
				INFOPLIST_FILE = Unsplash/Info.plist;
				INFOPLIST_KEY_UIApplicationSupportsIndirectInputEvents = YES;
				INFOPLIST_KEY_UILaunchStoryboardName = LaunchScreen;
				INFOPLIST_KEY_UIMainStoryboardFile = Main;
				INFOPLIST_KEY_UISupportedInterfaceOrientations_iPad = "UIInterfaceOrientationPortrait UIInterfaceOrientationPortraitUpsideDown UIInterfaceOrientationLandscapeLeft UIInterfaceOrientationLandscapeRight";
				INFOPLIST_KEY_UISupportedInterfaceOrientations_iPhone = "UIInterfaceOrientationPortrait UIInterfaceOrientationLandscapeLeft UIInterfaceOrientationLandscapeRight";
				IPHONEOS_DEPLOYMENT_TARGET = 13.0;
				LD_RUNPATH_SEARCH_PATHS = (
					"$(inherited)",
					"@executable_path/Frameworks",
				);
				MARKETING_VERSION = 1.0;
				PRODUCT_BUNDLE_IDENTIFIER = com.matovsky.Unsplash;
				PRODUCT_NAME = "$(TARGET_NAME)";
				SWIFT_EMIT_LOC_STRINGS = YES;
				SWIFT_VERSION = 5.0;
				TARGETED_DEVICE_FAMILY = "1,2";
			};
			name = Debug;
		};
		30EAABFD271854F90055C33C /* Release */ = {
			isa = XCBuildConfiguration;
			buildSettings = {
				ASSETCATALOG_COMPILER_APPICON_NAME = AppIcon;
				ASSETCATALOG_COMPILER_GLOBAL_ACCENT_COLOR_NAME = AccentColor;
				CODE_SIGN_STYLE = Automatic;
				CURRENT_PROJECT_VERSION = 1;
				DEVELOPMENT_TEAM = UC95R257SJ;
				GENERATE_INFOPLIST_FILE = YES;
				INFOPLIST_FILE = Unsplash/Info.plist;
				INFOPLIST_KEY_UIApplicationSupportsIndirectInputEvents = YES;
				INFOPLIST_KEY_UILaunchStoryboardName = LaunchScreen;
				INFOPLIST_KEY_UIMainStoryboardFile = Main;
				INFOPLIST_KEY_UISupportedInterfaceOrientations_iPad = "UIInterfaceOrientationPortrait UIInterfaceOrientationPortraitUpsideDown UIInterfaceOrientationLandscapeLeft UIInterfaceOrientationLandscapeRight";
				INFOPLIST_KEY_UISupportedInterfaceOrientations_iPhone = "UIInterfaceOrientationPortrait UIInterfaceOrientationLandscapeLeft UIInterfaceOrientationLandscapeRight";
				IPHONEOS_DEPLOYMENT_TARGET = 13.0;
				LD_RUNPATH_SEARCH_PATHS = (
					"$(inherited)",
					"@executable_path/Frameworks",
				);
				MARKETING_VERSION = 1.0;
				PRODUCT_BUNDLE_IDENTIFIER = com.matovsky.Unsplash;
				PRODUCT_NAME = "$(TARGET_NAME)";
				SWIFT_EMIT_LOC_STRINGS = YES;
				SWIFT_VERSION = 5.0;
				TARGETED_DEVICE_FAMILY = "1,2";
			};
			name = Release;
		};
/* End XCBuildConfiguration section */

/* Begin XCConfigurationList section */
		30EAABE2271854F80055C33C /* Build configuration list for PBXProject "Unsplash" */ = {
			isa = XCConfigurationList;
			buildConfigurations = (
				30EAABF9271854F90055C33C /* Debug */,
				30EAABFA271854F90055C33C /* Release */,
			);
			defaultConfigurationIsVisible = 0;
			defaultConfigurationName = Release;
		};
		30EAABFB271854F90055C33C /* Build configuration list for PBXNativeTarget "Unsplash" */ = {
			isa = XCConfigurationList;
			buildConfigurations = (
				30EAABFC271854F90055C33C /* Debug */,
				30EAABFD271854F90055C33C /* Release */,
			);
			defaultConfigurationIsVisible = 0;
			defaultConfigurationName = Release;
		};
/* End XCConfigurationList section */

/* Begin XCRemoteSwiftPackageReference section */
		30C5A5E0272002BD00593D29 /* XCRemoteSwiftPackageReference "SwiftyJSON" */ = {
			isa = XCRemoteSwiftPackageReference;
			repositoryURL = "https://github.com/Matovsky/SwiftyJSON";
			requirement = {
				branch = master;
				kind = branch;
			};
		};
		30C5A5E3272002DC00593D29 /* XCRemoteSwiftPackageReference "Alamofire" */ = {
			isa = XCRemoteSwiftPackageReference;
			repositoryURL = "https://github.com/Matovsky/Alamofire";
			requirement = {
				kind = upToNextMajorVersion;
				minimumVersion = 5.0.0;
			};
		};
/* End XCRemoteSwiftPackageReference section */

/* Begin XCSwiftPackageProductDependency section */
		30C5A5E1272002BD00593D29 /* SwiftyJSON */ = {
			isa = XCSwiftPackageProductDependency;
			package = 30C5A5E0272002BD00593D29 /* XCRemoteSwiftPackageReference "SwiftyJSON" */;
			productName = SwiftyJSON;
		};
		30C5A5E4272002DC00593D29 /* Alamofire */ = {
			isa = XCSwiftPackageProductDependency;
			package = 30C5A5E3272002DC00593D29 /* XCRemoteSwiftPackageReference "Alamofire" */;
			productName = Alamofire;
		};
/* End XCSwiftPackageProductDependency section */
	};
	rootObject = 30EAABDF271854F80055C33C /* Project object */;
}
